
Microsoft Visual Studio Solution File, Format Version 12.00
# Visual Studio Version 17
VisualStudioVersion = 17.13.35931.197 d17.13
MinimumVisualStudioVersion = 10.0.40219.1
Project("{FAE04EC0-301F-11D3-BF4B-00C04F79EFBC}") = "AuthApi", "AuthApi\AuthApi.csproj", "{38EC545B-EC2A-448D-A2CF-D00CBC8F9DF0}"
EndProject
Global
	GlobalSection(SolutionConfigurationPlatforms) = preSolution
		Debug|Any CPU = Debug|Any CPU
		Release|Any CPU = Release|Any CPU
	EndGlobalSection
	GlobalSection(ProjectConfigurationPlatforms) = postSolution
		{38EC545B-EC2A-448D-A2CF-D00CBC8F9DF0}.Debug|Any CPU.ActiveCfg = Debug|Any CPU
		{38EC545B-EC2A-448D-A2CF-D00CBC8F9DF0}.Debug|Any CPU.Build.0 = Debug|Any CPU
		{38EC545B-EC2A-448D-A2CF-D00CBC8F9DF0}.Release|Any CPU.ActiveCfg = Release|Any CPU
		{38EC545B-EC2A-448D-A2CF-D00CBC8F9DF0}.Release|Any CPU.Build.0 = Release|Any CPU
	EndGlobalSection
	GlobalSection(SolutionProperties) = preSolution
		HideSolutionNode = FALSE
	EndGlobalSection
	GlobalSection(ExtensibilityGlobals) = postSolution
		SolutionGuid = {43AC43B4-426F-4FCB-A63A-C0EE5A602353}
	EndGlobalSection
EndGlobal
